// !$*UTF8*$!
{
	archiveVersion = 1;
	classes = {
	};
	objectVersion = 52;
	objects = {

/* Begin PBXBuildFile section */
		500B277C23953F8C00C304D4 /* ViewController.swift in Sources */ = {isa = PBXBuildFile; fileRef = 500B277B23953F8C00C304D4 /* ViewController.swift */; };
		505000F2239FA4AB00EADD27 /* CustomFilters.swift in Sources */ = {isa = PBXBuildFile; fileRef = 505000F1239FA4AB00EADD27 /* CustomFilters.swift */; };
		505000FD239FA4CB00EADD27 /* Assets.xcassets in Resources */ = {isa = PBXBuildFile; fileRef = 505000F5239FA4CA00EADD27 /* Assets.xcassets */; };
		505000FE239FA4CB00EADD27 /* LaunchScreen.storyboard in Resources */ = {isa = PBXBuildFile; fileRef = 505000F6239FA4CA00EADD27 /* LaunchScreen.storyboard */; };
		505000FF239FA4CB00EADD27 /* Main.storyboard in Resources */ = {isa = PBXBuildFile; fileRef = 505000F8239FA4CA00EADD27 /* Main.storyboard */; };
		50500100239FA4CB00EADD27 /* AppDelegate.swift in Sources */ = {isa = PBXBuildFile; fileRef = 505000FA239FA4CA00EADD27 /* AppDelegate.swift */; };
		50500102239FA4CB00EADD27 /* SceneDelegate.swift in Sources */ = {isa = PBXBuildFile; fileRef = 505000FC239FA4CA00EADD27 /* SceneDelegate.swift */; };
		509F59CE2397AD0D006AD8D1 /* CustomReporter.swift in Sources */ = {isa = PBXBuildFile; fileRef = 509F59CD2397AD0D006AD8D1 /* CustomReporter.swift */; };
		8461D42627B520A200A520DF /* CustomSmartInsights.swift in Sources */ = {isa = PBXBuildFile; fileRef = 8461D42527B520A200A520DF /* CustomSmartInsights.swift */; };
		84F575FF26DE67180032BB3A /* Diagnostics in Frameworks */ = {isa = PBXBuildFile; productRef = 84F575FE26DE67180032BB3A /* Diagnostics */; };
/* End PBXBuildFile section */

/* Begin PBXCopyFilesBuildPhase section */
		500B27B723955AD400C304D4 /* Embed Frameworks */ = {
			isa = PBXCopyFilesBuildPhase;
			buildActionMask = 2147483647;
			dstPath = "";
			dstSubfolderSpec = 10;
			files = (
			);
			name = "Embed Frameworks";
			runOnlyForDeploymentPostprocessing = 0;
		};
/* End PBXCopyFilesBuildPhase section */

/* Begin PBXFileReference section */
		500B277423953F8C00C304D4 /* Diagnostics-Example.app */ = {isa = PBXFileReference; explicitFileType = wrapper.application; includeInIndex = 0; path = "Diagnostics-Example.app"; sourceTree = BUILT_PRODUCTS_DIR; };
		500B277B23953F8C00C304D4 /* ViewController.swift */ = {isa = PBXFileReference; lastKnownFileType = sourcecode.swift; path = ViewController.swift; sourceTree = "<group>"; };
		505000F1239FA4AB00EADD27 /* CustomFilters.swift */ = {isa = PBXFileReference; lastKnownFileType = sourcecode.swift; path = CustomFilters.swift; sourceTree = "<group>"; };
		505000F5239FA4CA00EADD27 /* Assets.xcassets */ = {isa = PBXFileReference; lastKnownFileType = folder.assetcatalog; path = Assets.xcassets; sourceTree = "<group>"; };
		505000F7239FA4CA00EADD27 /* Base */ = {isa = PBXFileReference; lastKnownFileType = file.storyboard; name = Base; path = Base.lproj/LaunchScreen.storyboard; sourceTree = "<group>"; };
		505000F9239FA4CA00EADD27 /* Base */ = {isa = PBXFileReference; lastKnownFileType = file.storyboard; name = Base; path = Base.lproj/Main.storyboard; sourceTree = "<group>"; };
		505000FA239FA4CA00EADD27 /* AppDelegate.swift */ = {isa = PBXFileReference; fileEncoding = 4; lastKnownFileType = sourcecode.swift; path = AppDelegate.swift; sourceTree = "<group>"; };
		505000FB239FA4CA00EADD27 /* Info.plist */ = {isa = PBXFileReference; fileEncoding = 4; lastKnownFileType = text.plist.xml; path = Info.plist; sourceTree = "<group>"; };
		505000FC239FA4CA00EADD27 /* SceneDelegate.swift */ = {isa = PBXFileReference; fileEncoding = 4; lastKnownFileType = sourcecode.swift; path = SceneDelegate.swift; sourceTree = "<group>"; };
		509F59CD2397AD0D006AD8D1 /* CustomReporter.swift */ = {isa = PBXFileReference; lastKnownFileType = sourcecode.swift; path = CustomReporter.swift; sourceTree = "<group>"; };
		8461D42527B520A200A520DF /* CustomSmartInsights.swift */ = {isa = PBXFileReference; fileEncoding = 4; lastKnownFileType = sourcecode.swift; path = CustomSmartInsights.swift; sourceTree = "<group>"; };
		84F575FD26DE666B0032BB3A /* Diagnostics */ = {isa = PBXFileReference; lastKnownFileType = folder; name = Diagnostics; path = ..; sourceTree = "<group>"; };
/* End PBXFileReference section */

/* Begin PBXFrameworksBuildPhase section */
		500B277123953F8C00C304D4 /* Frameworks */ = {
			isa = PBXFrameworksBuildPhase;
			buildActionMask = 2147483647;
			files = (
				84F575FF26DE67180032BB3A /* Diagnostics in Frameworks */,
			);
			runOnlyForDeploymentPostprocessing = 0;
		};
/* End PBXFrameworksBuildPhase section */

/* Begin PBXGroup section */
		500B276B23953F8C00C304D4 = {
			isa = PBXGroup;
			children = (
				84F575FD26DE666B0032BB3A /* Diagnostics */,
				500B277623953F8C00C304D4 /* Diagnostics-Example */,
				500B277523953F8C00C304D4 /* Products */,
				500B27B323955AC000C304D4 /* Frameworks */,
			);
			sourceTree = "<group>";
		};
		500B277523953F8C00C304D4 /* Products */ = {
			isa = PBXGroup;
			children = (
				500B277423953F8C00C304D4 /* Diagnostics-Example.app */,
			);
			name = Products;
			sourceTree = "<group>";
		};
		500B277623953F8C00C304D4 /* Diagnostics-Example */ = {
			isa = PBXGroup;
			children = (
				505000F4239FA4CA00EADD27 /* Supporting Files */,
				500B277B23953F8C00C304D4 /* ViewController.swift */,
				509F59CD2397AD0D006AD8D1 /* CustomReporter.swift */,
				505000F1239FA4AB00EADD27 /* CustomFilters.swift */,
				8461D42527B520A200A520DF /* CustomSmartInsights.swift */,
			);
			path = "Diagnostics-Example";
			sourceTree = "<group>";
		};
		500B27B323955AC000C304D4 /* Frameworks */ = {
			isa = PBXGroup;
			children = (
			);
			name = Frameworks;
			sourceTree = "<group>";
		};
		505000F4239FA4CA00EADD27 /* Supporting Files */ = {
			isa = PBXGroup;
			children = (
				505000F5239FA4CA00EADD27 /* Assets.xcassets */,
				505000F6239FA4CA00EADD27 /* LaunchScreen.storyboard */,
				505000F8239FA4CA00EADD27 /* Main.storyboard */,
				505000FA239FA4CA00EADD27 /* AppDelegate.swift */,
				505000FB239FA4CA00EADD27 /* Info.plist */,
				505000FC239FA4CA00EADD27 /* SceneDelegate.swift */,
			);
			path = "Supporting Files";
			sourceTree = "<group>";
		};
/* End PBXGroup section */

/* Begin PBXNativeTarget section */
		500B277323953F8C00C304D4 /* Diagnostics-Example */ = {
			isa = PBXNativeTarget;
			buildConfigurationList = 500B278823953F8E00C304D4 /* Build configuration list for PBXNativeTarget "Diagnostics-Example" */;
			buildPhases = (
				500B277023953F8C00C304D4 /* Sources */,
				500B277123953F8C00C304D4 /* Frameworks */,
				500B277223953F8C00C304D4 /* Resources */,
				500B27B723955AD400C304D4 /* Embed Frameworks */,
			);
			buildRules = (
			);
			dependencies = (
				84F5760126DE67390032BB3A /* PBXTargetDependency */,
			);
			name = "Diagnostics-Example";
			packageProductDependencies = (
				84F575FE26DE67180032BB3A /* Diagnostics */,
			);
			productName = "Diagnostics-Example";
			productReference = 500B277423953F8C00C304D4 /* Diagnostics-Example.app */;
			productType = "com.apple.product-type.application";
		};
/* End PBXNativeTarget section */

/* Begin PBXProject section */
		500B276C23953F8C00C304D4 /* Project object */ = {
			isa = PBXProject;
			attributes = {
				LastSwiftUpdateCheck = 1120;
				LastUpgradeCheck = 1250;
				ORGANIZATIONNAME = WeTransfer;
				TargetAttributes = {
					500B277323953F8C00C304D4 = {
						CreatedOnToolsVersion = 11.2.1;
					};
				};
			};
			buildConfigurationList = 500B276F23953F8C00C304D4 /* Build configuration list for PBXProject "Diagnostics-Example" */;
			compatibilityVersion = "Xcode 9.3";
			developmentRegion = en;
			hasScannedForEncodings = 0;
			knownRegions = (
				en,
				Base,
			);
			mainGroup = 500B276B23953F8C00C304D4;
			productRefGroup = 500B277523953F8C00C304D4 /* Products */;
			projectDirPath = "";
			projectRoot = "";
			targets = (
				500B277323953F8C00C304D4 /* Diagnostics-Example */,
			);
		};
/* End PBXProject section */

/* Begin PBXResourcesBuildPhase section */
		500B277223953F8C00C304D4 /* Resources */ = {
			isa = PBXResourcesBuildPhase;
			buildActionMask = 2147483647;
			files = (
				505000FD239FA4CB00EADD27 /* Assets.xcassets in Resources */,
				505000FF239FA4CB00EADD27 /* Main.storyboard in Resources */,
				505000FE239FA4CB00EADD27 /* LaunchScreen.storyboard in Resources */,
			);
			runOnlyForDeploymentPostprocessing = 0;
		};
/* End PBXResourcesBuildPhase section */

/* Begin PBXSourcesBuildPhase section */
		500B277023953F8C00C304D4 /* Sources */ = {
			isa = PBXSourcesBuildPhase;
			buildActionMask = 2147483647;
			files = (
				50500100239FA4CB00EADD27 /* AppDelegate.swift in Sources */,
				8461D42627B520A200A520DF /* CustomSmartInsights.swift in Sources */,
				50500102239FA4CB00EADD27 /* SceneDelegate.swift in Sources */,
				500B277C23953F8C00C304D4 /* ViewController.swift in Sources */,
				509F59CE2397AD0D006AD8D1 /* CustomReporter.swift in Sources */,
				505000F2239FA4AB00EADD27 /* CustomFilters.swift in Sources */,
			);
			runOnlyForDeploymentPostprocessing = 0;
		};
/* End PBXSourcesBuildPhase section */

/* Begin PBXTargetDependency section */
		84F5760126DE67390032BB3A /* PBXTargetDependency */ = {
			isa = PBXTargetDependency;
			productRef = 84F5760026DE67390032BB3A /* Diagnostics */;
		};
/* End PBXTargetDependency section */

/* Begin PBXVariantGroup section */
		505000F6239FA4CA00EADD27 /* LaunchScreen.storyboard */ = {
			isa = PBXVariantGroup;
			children = (
				505000F7239FA4CA00EADD27 /* Base */,
			);
			name = LaunchScreen.storyboard;
			sourceTree = "<group>";
		};
		505000F8239FA4CA00EADD27 /* Main.storyboard */ = {
			isa = PBXVariantGroup;
			children = (
				505000F9239FA4CA00EADD27 /* Base */,
			);
			name = Main.storyboard;
			sourceTree = "<group>";
		};
/* End PBXVariantGroup section */

/* Begin XCBuildConfiguration section */
		500B278623953F8E00C304D4 /* Debug */ = {
			isa = XCBuildConfiguration;
			buildSettings = {
				ALWAYS_SEARCH_USER_PATHS = NO;
				CLANG_ANALYZER_NONNULL = YES;
				CLANG_ANALYZER_NUMBER_OBJECT_CONVERSION = YES_AGGRESSIVE;
				CLANG_CXX_LANGUAGE_STANDARD = "gnu++14";
				CLANG_CXX_LIBRARY = "libc++";
				CLANG_ENABLE_MODULES = YES;
				CLANG_ENABLE_OBJC_ARC = YES;
				CLANG_ENABLE_OBJC_WEAK = YES;
				CLANG_WARN_BLOCK_CAPTURE_AUTORELEASING = YES;
				CLANG_WARN_BOOL_CONVERSION = YES;
				CLANG_WARN_COMMA = YES;
				CLANG_WARN_CONSTANT_CONVERSION = YES;
				CLANG_WARN_DEPRECATED_OBJC_IMPLEMENTATIONS = YES;
				CLANG_WARN_DIRECT_OBJC_ISA_USAGE = YES_ERROR;
				CLANG_WARN_DOCUMENTATION_COMMENTS = YES;
				CLANG_WARN_EMPTY_BODY = YES;
				CLANG_WARN_ENUM_CONVERSION = YES;
				CLANG_WARN_INFINITE_RECURSION = YES;
				CLANG_WARN_INT_CONVERSION = YES;
				CLANG_WARN_NON_LITERAL_NULL_CONVERSION = YES;
				CLANG_WARN_OBJC_IMPLICIT_RETAIN_SELF = YES;
				CLANG_WARN_OBJC_LITERAL_CONVERSION = YES;
				CLANG_WARN_OBJC_ROOT_CLASS = YES_ERROR;
				CLANG_WARN_QUOTED_INCLUDE_IN_FRAMEWORK_HEADER = YES;
				CLANG_WARN_RANGE_LOOP_ANALYSIS = YES;
				CLANG_WARN_STRICT_PROTOTYPES = YES;
				CLANG_WARN_SUSPICIOUS_MOVE = YES;
				CLANG_WARN_UNGUARDED_AVAILABILITY = YES_AGGRESSIVE;
				CLANG_WARN_UNREACHABLE_CODE = YES;
				CLANG_WARN__DUPLICATE_METHOD_MATCH = YES;
				COPY_PHASE_STRIP = NO;
				DEBUG_INFORMATION_FORMAT = dwarf;
				ENABLE_STRICT_OBJC_MSGSEND = YES;
				ENABLE_TESTABILITY = YES;
				GCC_C_LANGUAGE_STANDARD = gnu11;
				GCC_DYNAMIC_NO_PIC = NO;
				GCC_NO_COMMON_BLOCKS = YES;
				GCC_OPTIMIZATION_LEVEL = 0;
				GCC_PREPROCESSOR_DEFINITIONS = (
					"DEBUG=1",
					"$(inherited)",
				);
				GCC_WARN_64_TO_32_BIT_CONVERSION = YES;
				GCC_WARN_ABOUT_RETURN_TYPE = YES_ERROR;
				GCC_WARN_UNDECLARED_SELECTOR = YES;
				GCC_WARN_UNINITIALIZED_AUTOS = YES_AGGRESSIVE;
				GCC_WARN_UNUSED_FUNCTION = YES;
				GCC_WARN_UNUSED_VARIABLE = YES;
				IPHONEOS_DEPLOYMENT_TARGET = 13.2;
				MTL_ENABLE_DEBUG_INFO = INCLUDE_SOURCE;
				MTL_FAST_MATH = YES;
				ONLY_ACTIVE_ARCH = YES;
				SDKROOT = iphoneos;
				SWIFT_ACTIVE_COMPILATION_CONDITIONS = DEBUG;
				SWIFT_OPTIMIZATION_LEVEL = "-Onone";
			};
			name = Debug;
		};
		500B278723953F8E00C304D4 /* Release */ = {
			isa = XCBuildConfiguration;
			buildSettings = {
				ALWAYS_SEARCH_USER_PATHS = NO;
				CLANG_ANALYZER_NONNULL = YES;
				CLANG_ANALYZER_NUMBER_OBJECT_CONVERSION = YES_AGGRESSIVE;
				CLANG_CXX_LANGUAGE_STANDARD = "gnu++14";
				CLANG_CXX_LIBRARY = "libc++";
				CLANG_ENABLE_MODULES = YES;
				CLANG_ENABLE_OBJC_ARC = YES;
				CLANG_ENABLE_OBJC_WEAK = YES;
				CLANG_WARN_BLOCK_CAPTURE_AUTORELEASING = YES;
				CLANG_WARN_BOOL_CONVERSION = YES;
				CLANG_WARN_COMMA = YES;
				CLANG_WARN_CONSTANT_CONVERSION = YES;
				CLANG_WARN_DEPRECATED_OBJC_IMPLEMENTATIONS = YES;
				CLANG_WARN_DIRECT_OBJC_ISA_USAGE = YES_ERROR;
				CLANG_WARN_DOCUMENTATION_COMMENTS = YES;
				CLANG_WARN_EMPTY_BODY = YES;
				CLANG_WARN_ENUM_CONVERSION = YES;
				CLANG_WARN_INFINITE_RECURSION = YES;
				CLANG_WARN_INT_CONVERSION = YES;
				CLANG_WARN_NON_LITERAL_NULL_CONVERSION = YES;
				CLANG_WARN_OBJC_IMPLICIT_RETAIN_SELF = YES;
				CLANG_WARN_OBJC_LITERAL_CONVERSION = YES;
				CLANG_WARN_OBJC_ROOT_CLASS = YES_ERROR;
				CLANG_WARN_QUOTED_INCLUDE_IN_FRAMEWORK_HEADER = YES;
				CLANG_WARN_RANGE_LOOP_ANALYSIS = YES;
				CLANG_WARN_STRICT_PROTOTYPES = YES;
				CLANG_WARN_SUSPICIOUS_MOVE = YES;
				CLANG_WARN_UNGUARDED_AVAILABILITY = YES_AGGRESSIVE;
				CLANG_WARN_UNREACHABLE_CODE = YES;
				CLANG_WARN__DUPLICATE_METHOD_MATCH = YES;
				COPY_PHASE_STRIP = NO;
				DEBUG_INFORMATION_FORMAT = "dwarf-with-dsym";
				ENABLE_NS_ASSERTIONS = NO;
				ENABLE_STRICT_OBJC_MSGSEND = YES;
				GCC_C_LANGUAGE_STANDARD = gnu11;
				GCC_NO_COMMON_BLOCKS = YES;
				GCC_WARN_64_TO_32_BIT_CONVERSION = YES;
				GCC_WARN_ABOUT_RETURN_TYPE = YES_ERROR;
				GCC_WARN_UNDECLARED_SELECTOR = YES;
				GCC_WARN_UNINITIALIZED_AUTOS = YES_AGGRESSIVE;
				GCC_WARN_UNUSED_FUNCTION = YES;
				GCC_WARN_UNUSED_VARIABLE = YES;
				IPHONEOS_DEPLOYMENT_TARGET = 13.2;
				MTL_ENABLE_DEBUG_INFO = NO;
				MTL_FAST_MATH = YES;
				SDKROOT = iphoneos;
				SWIFT_COMPILATION_MODE = wholemodule;
				SWIFT_OPTIMIZATION_LEVEL = "-O";
				VALIDATE_PRODUCT = YES;
			};
			name = Release;
		};
		500B278923953F8E00C304D4 /* Debug */ = {
			isa = XCBuildConfiguration;
			buildSettings = {
				ASSETCATALOG_COMPILER_APPICON_NAME = AppIcon;
				CODE_SIGN_STYLE = Automatic;
				DEVELOPMENT_TEAM = HDE72H7JV2;
				INFOPLIST_FILE = "Diagnostics-Example/Supporting Files/Info.plist";
				LD_RUNPATH_SEARCH_PATHS = (
					"$(inherited)",
					"@executable_path/Frameworks",
				);
				PRODUCT_BUNDLE_IDENTIFIER = "com.wetransfer.Diagnostics-Example";
				PRODUCT_NAME = "$(TARGET_NAME)";
				SWIFT_VERSION = 5.0;
				TARGETED_DEVICE_FAMILY = "1,2";
			};
			name = Debug;
		};
		500B278A23953F8E00C304D4 /* Release */ = {
			isa = XCBuildConfiguration;
			buildSettings = {
				ASSETCATALOG_COMPILER_APPICON_NAME = AppIcon;
				CODE_SIGN_STYLE = Automatic;
				DEVELOPMENT_TEAM = HDE72H7JV2;
				INFOPLIST_FILE = "Diagnostics-Example/Supporting Files/Info.plist";
				LD_RUNPATH_SEARCH_PATHS = (
					"$(inherited)",
					"@executable_path/Frameworks",
				);
				PRODUCT_BUNDLE_IDENTIFIER = "com.wetransfer.Diagnostics-Example";
				PRODUCT_NAME = "$(TARGET_NAME)";
				SWIFT_VERSION = 5.0;
				TARGETED_DEVICE_FAMILY = "1,2";
			};
			name = Release;
		};
/* End XCBuildConfiguration section */

/* Begin XCConfigurationList section */
		500B276F23953F8C00C304D4 /* Build configuration list for PBXProject "Diagnostics-Example" */ = {
			isa = XCConfigurationList;
			buildConfigurations = (
				500B278623953F8E00C304D4 /* Debug */,
				500B278723953F8E00C304D4 /* Release */,
			);
			defaultConfigurationIsVisible = 0;
			defaultConfigurationName = Release;
		};
		500B278823953F8E00C304D4 /* Build configuration list for PBXNativeTarget "Diagnostics-Example" */ = {
			isa = XCConfigurationList;
			buildConfigurations = (
				500B278923953F8E00C304D4 /* Debug */,
				500B278A23953F8E00C304D4 /* Release */,
			);
			defaultConfigurationIsVisible = 0;
			defaultConfigurationName = Release;
		};
/* End XCConfigurationList section */

/* Begin XCSwiftPackageProductDependency section */
		84F575FE26DE67180032BB3A /* Diagnostics */ = {
			isa = XCSwiftPackageProductDependency;
			productName = Diagnostics;
		};
		84F5760026DE67390032BB3A /* Diagnostics */ = {
			isa = XCSwiftPackageProductDependency;
			productName = Diagnostics;
		};
/* End XCSwiftPackageProductDependency section */
	};
	rootObject = 500B276C23953F8C00C304D4 /* Project object */;
}
